
Microsoft Visual Studio Solution File, Format Version 12.00
# Visual Studio Version 17
VisualStudioVersion = 17.10.35122.118
MinimumVisualStudioVersion = 10.0.40219.1
Project("{9A19103F-16F7-4668-BE54-9A1E7A4F7556}") = "Escritório Jurídico - Visual Stúdio", "Escritório Jurídico - Visual Stúdio\Escritório Jurídico - Visual Stúdio.csproj", "{6F932017-900B-4379-87EF-93F612C07714}"
EndProject
Project("{9A19103F-16F7-4668-BE54-9A1E7A4F7556}") = "TestePotereDeMeritis", "TestProject1\TestePotereDeMeritis.csproj", "{A3A45684-8A62-4AED-BC57-10BBB7D04163}"
EndProject
Global
	GlobalSection(SolutionConfigurationPlatforms) = preSolution
		Debug|Any CPU = Debug|Any CPU
		Release|Any CPU = Release|Any CPU
	EndGlobalSection
	GlobalSection(ProjectConfigurationPlatforms) = postSolution
		{6F932017-900B-4379-87EF-93F612C07714}.Debug|Any CPU.ActiveCfg = Debug|Any CPU
		{6F932017-900B-4379-87EF-93F612C07714}.Debug|Any CPU.Build.0 = Debug|Any CPU
		{6F932017-900B-4379-87EF-93F612C07714}.Release|Any CPU.ActiveCfg = Release|Any CPU
		{6F932017-900B-4379-87EF-93F612C07714}.Release|Any CPU.Build.0 = Release|Any CPU
		{A3A45684-8A62-4AED-BC57-10BBB7D04163}.Debug|Any CPU.ActiveCfg = Debug|Any CPU
		{A3A45684-8A62-4AED-BC57-10BBB7D04163}.Debug|Any CPU.Build.0 = Debug|Any CPU
		{A3A45684-8A62-4AED-BC57-10BBB7D04163}.Release|Any CPU.ActiveCfg = Release|Any CPU
		{A3A45684-8A62-4AED-BC57-10BBB7D04163}.Release|Any CPU.Build.0 = Release|Any CPU
	EndGlobalSection
	GlobalSection(SolutionProperties) = preSolution
		HideSolutionNode = FALSE
	EndGlobalSection
	GlobalSection(ExtensibilityGlobals) = postSolution
		SolutionGuid = {013956B0-FDE7-4731-92D0-AA2931137AA6}
	EndGlobalSection
EndGlobal
